
Microsoft Visual Studio Solution File, Format Version 12.00
# Visual Studio 15
VisualStudioVersion = 15.0.26124.0
MinimumVisualStudioVersion = 15.0.26124.0
Project("{FAE04EC0-301F-11D3-BF4B-00C04F79EFBC}") = "Solid.Srp", "src\Solid.Srp\Solid.Srp.csproj", "{27032550-E25C-44B5-BE43-B8C14EF458F2}"
EndProject
Project("{FAE04EC0-301F-11D3-BF4B-00C04F79EFBC}") = "Solid.Ocp", "src\Solid.Ocp\Solid.Ocp.csproj", "{027047AF-0725-4ABA-A974-B95E4B262FCF}"
EndProject
Project("{2150E333-8FDC-42A3-9474-1A3956D46DE8}") = "1-SRP", "1-SRP", "{BD02F330-D0FA-11EA-BF99-E992BF516AD6}"
EndProject
Project("{2150E333-8FDC-42A3-9474-1A3956D46DE8}") = "2-OCP", "2-OCP", "{C4499720-D0FA-11EA-BF99-E992BF516AD6}"
EndProject
Project("{2150E333-8FDC-42A3-9474-1A3956D46DE8}") = "3-LSP", "3-LSP", "{1CF35720-D106-11EA-BF99-E992BF516AD6}"
EndProject
Project("{FAE04EC0-301F-11D3-BF4B-00C04F79EFBC}") = "Solid.Lsp", "src\Solid.Lsp\Solid.Lsp.csproj", "{8948183F-463B-44C8-98B0-81D09B3D76ED}"
EndProject
Project("{2150E333-8FDC-42A3-9474-1A3956D46DE8}") = "4-ISP", "4-ISP", "{C025FFF0-D10C-11EA-BF99-E992BF516AD6}"
EndProject
Project("{FAE04EC0-301F-11D3-BF4B-00C04F79EFBC}") = "Solid.Isp", "src\Solid.Isp\Solid.Isp.csproj", "{30902BF0-7A63-4626-8747-1B4B89AECD1C}"
EndProject
Project("{FAE04EC0-301F-11D3-BF4B-00C04F79EFBC}") = "Solid.Lsp.ConsoleApp", "src\Solid.Lsp.ConsoleApp\Solid.Lsp.ConsoleApp.csproj", "{8F3AF8F6-86B3-47AC-A241-CAE479492725}"
EndProject
Project("{2150E333-8FDC-42A3-9474-1A3956D46DE8}") = "5-DIP", "5-DIP", "{80237700-D325-11EA-82C5-5B93C06CE4DD}"
EndProject
Project("{FAE04EC0-301F-11D3-BF4B-00C04F79EFBC}") = "Solid.Dip", "src\Solid.Dip\Solid.Dip.csproj", "{E43B2E10-65F0-4292-BF5D-E99FFC6EDD06}"
EndProject
Global
	GlobalSection(SolutionConfigurationPlatforms) = preSolution
		Debug|Any CPU = Debug|Any CPU
		Debug|x64 = Debug|x64
		Debug|x86 = Debug|x86
		Release|Any CPU = Release|Any CPU
		Release|x64 = Release|x64
		Release|x86 = Release|x86
	EndGlobalSection
	GlobalSection(SolutionProperties) = preSolution
		HideSolutionNode = FALSE
	EndGlobalSection
	GlobalSection(ProjectConfigurationPlatforms) = postSolution
		{27032550-E25C-44B5-BE43-B8C14EF458F2}.Debug|Any CPU.ActiveCfg = Debug|Any CPU
		{27032550-E25C-44B5-BE43-B8C14EF458F2}.Debug|Any CPU.Build.0 = Debug|Any CPU
		{27032550-E25C-44B5-BE43-B8C14EF458F2}.Debug|x64.ActiveCfg = Debug|Any CPU
		{27032550-E25C-44B5-BE43-B8C14EF458F2}.Debug|x64.Build.0 = Debug|Any CPU
		{27032550-E25C-44B5-BE43-B8C14EF458F2}.Debug|x86.ActiveCfg = Debug|Any CPU
		{27032550-E25C-44B5-BE43-B8C14EF458F2}.Debug|x86.Build.0 = Debug|Any CPU
		{27032550-E25C-44B5-BE43-B8C14EF458F2}.Release|Any CPU.ActiveCfg = Release|Any CPU
		{27032550-E25C-44B5-BE43-B8C14EF458F2}.Release|Any CPU.Build.0 = Release|Any CPU
		{27032550-E25C-44B5-BE43-B8C14EF458F2}.Release|x64.ActiveCfg = Release|Any CPU
		{27032550-E25C-44B5-BE43-B8C14EF458F2}.Release|x64.Build.0 = Release|Any CPU
		{27032550-E25C-44B5-BE43-B8C14EF458F2}.Release|x86.ActiveCfg = Release|Any CPU
		{27032550-E25C-44B5-BE43-B8C14EF458F2}.Release|x86.Build.0 = Release|Any CPU
		{027047AF-0725-4ABA-A974-B95E4B262FCF}.Debug|Any CPU.ActiveCfg = Debug|Any CPU
		{027047AF-0725-4ABA-A974-B95E4B262FCF}.Debug|Any CPU.Build.0 = Debug|Any CPU
		{027047AF-0725-4ABA-A974-B95E4B262FCF}.Debug|x64.ActiveCfg = Debug|Any CPU
		{027047AF-0725-4ABA-A974-B95E4B262FCF}.Debug|x64.Build.0 = Debug|Any CPU
		{027047AF-0725-4ABA-A974-B95E4B262FCF}.Debug|x86.ActiveCfg = Debug|Any CPU
		{027047AF-0725-4ABA-A974-B95E4B262FCF}.Debug|x86.Build.0 = Debug|Any CPU
		{027047AF-0725-4ABA-A974-B95E4B262FCF}.Release|Any CPU.ActiveCfg = Release|Any CPU
		{027047AF-0725-4ABA-A974-B95E4B262FCF}.Release|Any CPU.Build.0 = Release|Any CPU
		{027047AF-0725-4ABA-A974-B95E4B262FCF}.Release|x64.ActiveCfg = Release|Any CPU
		{027047AF-0725-4ABA-A974-B95E4B262FCF}.Release|x64.Build.0 = Release|Any CPU
		{027047AF-0725-4ABA-A974-B95E4B262FCF}.Release|x86.ActiveCfg = Release|Any CPU
		{027047AF-0725-4ABA-A974-B95E4B262FCF}.Release|x86.Build.0 = Release|Any CPU
		{8948183F-463B-44C8-98B0-81D09B3D76ED}.Debug|Any CPU.ActiveCfg = Debug|Any CPU
		{8948183F-463B-44C8-98B0-81D09B3D76ED}.Debug|Any CPU.Build.0 = Debug|Any CPU
		{8948183F-463B-44C8-98B0-81D09B3D76ED}.Debug|x64.ActiveCfg = Debug|Any CPU
		{8948183F-463B-44C8-98B0-81D09B3D76ED}.Debug|x64.Build.0 = Debug|Any CPU
		{8948183F-463B-44C8-98B0-81D09B3D76ED}.Debug|x86.ActiveCfg = Debug|Any CPU
		{8948183F-463B-44C8-98B0-81D09B3D76ED}.Debug|x86.Build.0 = Debug|Any CPU
		{8948183F-463B-44C8-98B0-81D09B3D76ED}.Release|Any CPU.ActiveCfg = Release|Any CPU
		{8948183F-463B-44C8-98B0-81D09B3D76ED}.Release|Any CPU.Build.0 = Release|Any CPU
		{8948183F-463B-44C8-98B0-81D09B3D76ED}.Release|x64.ActiveCfg = Release|Any CPU
		{8948183F-463B-44C8-98B0-81D09B3D76ED}.Release|x64.Build.0 = Release|Any CPU
		{8948183F-463B-44C8-98B0-81D09B3D76ED}.Release|x86.ActiveCfg = Release|Any CPU
		{8948183F-463B-44C8-98B0-81D09B3D76ED}.Release|x86.Build.0 = Release|Any CPU
		{30902BF0-7A63-4626-8747-1B4B89AECD1C}.Debug|Any CPU.ActiveCfg = Debug|Any CPU
		{30902BF0-7A63-4626-8747-1B4B89AECD1C}.Debug|Any CPU.Build.0 = Debug|Any CPU
		{30902BF0-7A63-4626-8747-1B4B89AECD1C}.Debug|x64.ActiveCfg = Debug|Any CPU
		{30902BF0-7A63-4626-8747-1B4B89AECD1C}.Debug|x64.Build.0 = Debug|Any CPU
		{30902BF0-7A63-4626-8747-1B4B89AECD1C}.Debug|x86.ActiveCfg = Debug|Any CPU
		{30902BF0-7A63-4626-8747-1B4B89AECD1C}.Debug|x86.Build.0 = Debug|Any CPU
		{30902BF0-7A63-4626-8747-1B4B89AECD1C}.Release|Any CPU.ActiveCfg = Release|Any CPU
		{30902BF0-7A63-4626-8747-1B4B89AECD1C}.Release|Any CPU.Build.0 = Release|Any CPU
		{30902BF0-7A63-4626-8747-1B4B89AECD1C}.Release|x64.ActiveCfg = Release|Any CPU
		{30902BF0-7A63-4626-8747-1B4B89AECD1C}.Release|x64.Build.0 = Release|Any CPU
		{30902BF0-7A63-4626-8747-1B4B89AECD1C}.Release|x86.ActiveCfg = Release|Any CPU
		{30902BF0-7A63-4626-8747-1B4B89AECD1C}.Release|x86.Build.0 = Release|Any CPU
		{8F3AF8F6-86B3-47AC-A241-CAE479492725}.Debug|Any CPU.ActiveCfg = Debug|Any CPU
		{8F3AF8F6-86B3-47AC-A241-CAE479492725}.Debug|Any CPU.Build.0 = Debug|Any CPU
		{8F3AF8F6-86B3-47AC-A241-CAE479492725}.Debug|x64.ActiveCfg = Debug|Any CPU
		{8F3AF8F6-86B3-47AC-A241-CAE479492725}.Debug|x64.Build.0 = Debug|Any CPU
		{8F3AF8F6-86B3-47AC-A241-CAE479492725}.Debug|x86.ActiveCfg = Debug|Any CPU
		{8F3AF8F6-86B3-47AC-A241-CAE479492725}.Debug|x86.Build.0 = Debug|Any CPU
		{8F3AF8F6-86B3-47AC-A241-CAE479492725}.Release|Any CPU.ActiveCfg = Release|Any CPU
		{8F3AF8F6-86B3-47AC-A241-CAE479492725}.Release|Any CPU.Build.0 = Release|Any CPU
		{8F3AF8F6-86B3-47AC-A241-CAE479492725}.Release|x64.ActiveCfg = Release|Any CPU
		{8F3AF8F6-86B3-47AC-A241-CAE479492725}.Release|x64.Build.0 = Release|Any CPU
		{8F3AF8F6-86B3-47AC-A241-CAE479492725}.Release|x86.ActiveCfg = Release|Any CPU
		{8F3AF8F6-86B3-47AC-A241-CAE479492725}.Release|x86.Build.0 = Release|Any CPU
		{E43B2E10-65F0-4292-BF5D-E99FFC6EDD06}.Debug|Any CPU.ActiveCfg = Debug|Any CPU
		{E43B2E10-65F0-4292-BF5D-E99FFC6EDD06}.Debug|Any CPU.Build.0 = Debug|Any CPU
		{E43B2E10-65F0-4292-BF5D-E99FFC6EDD06}.Debug|x64.ActiveCfg = Debug|Any CPU
		{E43B2E10-65F0-4292-BF5D-E99FFC6EDD06}.Debug|x64.Build.0 = Debug|Any CPU
		{E43B2E10-65F0-4292-BF5D-E99FFC6EDD06}.Debug|x86.ActiveCfg = Debug|Any CPU
		{E43B2E10-65F0-4292-BF5D-E99FFC6EDD06}.Debug|x86.Build.0 = Debug|Any CPU
		{E43B2E10-65F0-4292-BF5D-E99FFC6EDD06}.Release|Any CPU.ActiveCfg = Release|Any CPU
		{E43B2E10-65F0-4292-BF5D-E99FFC6EDD06}.Release|Any CPU.Build.0 = Release|Any CPU
		{E43B2E10-65F0-4292-BF5D-E99FFC6EDD06}.Release|x64.ActiveCfg = Release|Any CPU
		{E43B2E10-65F0-4292-BF5D-E99FFC6EDD06}.Release|x64.Build.0 = Release|Any CPU
		{E43B2E10-65F0-4292-BF5D-E99FFC6EDD06}.Release|x86.ActiveCfg = Release|Any CPU
		{E43B2E10-65F0-4292-BF5D-E99FFC6EDD06}.Release|x86.Build.0 = Release|Any CPU
	EndGlobalSection
	GlobalSection(NestedProjects) = preSolution
		{27032550-E25C-44B5-BE43-B8C14EF458F2} = {BD02F330-D0FA-11EA-BF99-E992BF516AD6}
		{027047AF-0725-4ABA-A974-B95E4B262FCF} = {C4499720-D0FA-11EA-BF99-E992BF516AD6}
		{8948183F-463B-44C8-98B0-81D09B3D76ED} = {1CF35720-D106-11EA-BF99-E992BF516AD6}
		{30902BF0-7A63-4626-8747-1B4B89AECD1C} = {C025FFF0-D10C-11EA-BF99-E992BF516AD6}
		{8F3AF8F6-86B3-47AC-A241-CAE479492725} = {1CF35720-D106-11EA-BF99-E992BF516AD6}
		{E43B2E10-65F0-4292-BF5D-E99FFC6EDD06} = {80237700-D325-11EA-82C5-5B93C06CE4DD}
	EndGlobalSection
EndGlobal
